// !$*UTF8*$!
{
	archiveVersion = 1;
	classes = {
	};
	objectVersion = 50;
	objects = {

/* Begin PBXBuildFile section */
		A15A3C192567284E00EBDDDF /* AppDelegate.swift in Sources */ = {isa = PBXBuildFile; fileRef = A15A3C182567284E00EBDDDF /* AppDelegate.swift */; };
		A15A3C1B2567284E00EBDDDF /* SceneDelegate.swift in Sources */ = {isa = PBXBuildFile; fileRef = A15A3C1A2567284E00EBDDDF /* SceneDelegate.swift */; };
		A15A3C1D2567284E00EBDDDF /* ViewController.swift in Sources */ = {isa = PBXBuildFile; fileRef = A15A3C1C2567284E00EBDDDF /* ViewController.swift */; };
		A15A3C202567284E00EBDDDF /* Main.storyboard in Resources */ = {isa = PBXBuildFile; fileRef = A15A3C1E2567284E00EBDDDF /* Main.storyboard */; };
		A15A3C222567285200EBDDDF /* Assets.xcassets in Resources */ = {isa = PBXBuildFile; fileRef = A15A3C212567285200EBDDDF /* Assets.xcassets */; };
		A15A3C252567285200EBDDDF /* LaunchScreen.storyboard in Resources */ = {isa = PBXBuildFile; fileRef = A15A3C232567285200EBDDDF /* LaunchScreen.storyboard */; };
		A1EFA6B4257268E0003C8DB3 /* NextViewController.swift in Sources */ = {isa = PBXBuildFile; fileRef = A1EFA6B3257268E0003C8DB3 /* NextViewController.swift */; };
/* End PBXBuildFile section */

/* Begin PBXFileReference section */
		A15A3C152567284E00EBDDDF /* Swift6Button.app */ = {isa = PBXFileReference; explicitFileType = wrapper.application; includeInIndex = 0; path = Swift6Button.app; sourceTree = BUILT_PRODUCTS_DIR; };
		A15A3C182567284E00EBDDDF /* AppDelegate.swift */ = {isa = PBXFileReference; lastKnownFileType = sourcecode.swift; path = AppDelegate.swift; sourceTree = "<group>"; };
		A15A3C1A2567284E00EBDDDF /* SceneDelegate.swift */ = {isa = PBXFileReference; lastKnownFileType = sourcecode.swift; path = SceneDelegate.swift; sourceTree = "<group>"; };
		A15A3C1C2567284E00EBDDDF /* ViewController.swift */ = {isa = PBXFileReference; lastKnownFileType = sourcecode.swift; path = ViewController.swift; sourceTree = "<group>"; };
		A15A3C1F2567284E00EBDDDF /* Base */ = {isa = PBXFileReference; lastKnownFileType = file.storyboard; name = Base; path = Base.lproj/Main.storyboard; sourceTree = "<group>"; };
		A15A3C212567285200EBDDDF /* Assets.xcassets */ = {isa = PBXFileReference; lastKnownFileType = folder.assetcatalog; path = Assets.xcassets; sourceTree = "<group>"; };
		A15A3C242567285200EBDDDF /* Base */ = {isa = PBXFileReference; lastKnownFileType = file.storyboard; name = Base; path = Base.lproj/LaunchScreen.storyboard; sourceTree = "<group>"; };
		A15A3C262567285200EBDDDF /* Info.plist */ = {isa = PBXFileReference; lastKnownFileType = text.plist.xml; path = Info.plist; sourceTree = "<group>"; };
		A1EFA6B3257268E0003C8DB3 /* NextViewController.swift */ = {isa = PBXFileReference; lastKnownFileType = sourcecode.swift; path = NextViewController.swift; sourceTree = "<group>"; };
/* End PBXFileReference section */

/* Begin PBXFrameworksBuildPhase section */
		A15A3C122567284E00EBDDDF /* Frameworks */ = {
			isa = PBXFrameworksBuildPhase;
			buildActionMask = 2147483647;
			files = (
			);
			runOnlyForDeploymentPostprocessing = 0;
		};
/* End PBXFrameworksBuildPhase section */

/* Begin PBXGroup section */
		A15A3C0C2567284E00EBDDDF = {
			isa = PBXGroup;
			children = (
				A15A3C172567284E00EBDDDF /* Swift6Button */,
				A15A3C162567284E00EBDDDF /* Products */,
			);
			sourceTree = "<group>";
		};
		A15A3C162567284E00EBDDDF /* Products */ = {
			isa = PBXGroup;
			children = (
				A15A3C152567284E00EBDDDF /* Swift6Button.app */,
			);
			name = Products;
			sourceTree = "<group>";
		};
		A15A3C172567284E00EBDDDF /* Swift6Button */ = {
			isa = PBXGroup;
			children = (
				A15A3C182567284E00EBDDDF /* AppDelegate.swift */,
				A15A3C1A2567284E00EBDDDF /* SceneDelegate.swift */,
				A15A3C1C2567284E00EBDDDF /* ViewController.swift */,
				A1EFA6B3257268E0003C8DB3 /* NextViewController.swift */,
				A15A3C1E2567284E00EBDDDF /* Main.storyboard */,
				A15A3C212567285200EBDDDF /* Assets.xcassets */,
				A15A3C232567285200EBDDDF /* LaunchScreen.storyboard */,
				A15A3C262567285200EBDDDF /* Info.plist */,
			);
			path = Swift6Button;
			sourceTree = "<group>";
		};
/* End PBXGroup section */

/* Begin PBXNativeTarget section */
		A15A3C142567284E00EBDDDF /* Swift6Button */ = {
			isa = PBXNativeTarget;
			buildConfigurationList = A15A3C292567285200EBDDDF /* Build configuration list for PBXNativeTarget "Swift6Button" */;
			buildPhases = (
				A15A3C112567284E00EBDDDF /* Sources */,
				A15A3C122567284E00EBDDDF /* Frameworks */,
				A15A3C132567284E00EBDDDF /* Resources */,
			);
			buildRules = (
			);
			dependencies = (
			);
			name = Swift6Button;
			productName = Swift6Button;
			productReference = A15A3C152567284E00EBDDDF /* Swift6Button.app */;
			productType = "com.apple.product-type.application";
		};
/* End PBXNativeTarget section */

/* Begin PBXProject section */
		A15A3C0D2567284E00EBDDDF /* Project object */ = {
			isa = PBXProject;
			attributes = {
				LastSwiftUpdateCheck = 1220;
				LastUpgradeCheck = 1220;
				TargetAttributes = {
					A15A3C142567284E00EBDDDF = {
						CreatedOnToolsVersion = 12.2;
					};
				};
			};
			buildConfigurationList = A15A3C102567284E00EBDDDF /* Build configuration list for PBXProject "Swift6Button" */;
			compatibilityVersion = "Xcode 9.3";
			developmentRegion = en;
			hasScannedForEncodings = 0;
			knownRegions = (
				en,
				Base,
			);
			mainGroup = A15A3C0C2567284E00EBDDDF;
			productRefGroup = A15A3C162567284E00EBDDDF /* Products */;
			projectDirPath = "";
			projectRoot = "";
			targets = (
				A15A3C142567284E00EBDDDF /* Swift6Button */,
			);
		};
/* End PBXProject section */

/* Begin PBXResourcesBuildPhase section */
		A15A3C132567284E00EBDDDF /* Resources */ = {
			isa = PBXResourcesBuildPhase;
			buildActionMask = 2147483647;
			files = (
				A15A3C252567285200EBDDDF /* LaunchScreen.storyboard in Resources */,
				A15A3C222567285200EBDDDF /* Assets.xcassets in Resources */,
				A15A3C202567284E00EBDDDF /* Main.storyboard in Resources */,
			);
			runOnlyForDeploymentPostprocessing = 0;
		};
/* End PBXResourcesBuildPhase section */

/* Begin PBXSourcesBuildPhase section */
		A15A3C112567284E00EBDDDF /* Sources */ = {
			isa = PBXSourcesBuildPhase;
			buildActionMask = 2147483647;
			files = (
				A15A3C1D2567284E00EBDDDF /* ViewController.swift in Sources */,
				A1EFA6B4257268E0003C8DB3 /* NextViewController.swift in Sources */,
				A15A3C192567284E00EBDDDF /* AppDelegate.swift in Sources */,
				A15A3C1B2567284E00EBDDDF /* SceneDelegate.swift in Sources */,
			);
			runOnlyForDeploymentPostprocessing = 0;
		};
/* End PBXSourcesBuildPhase section */

/* Begin PBXVariantGroup section */
		A15A3C1E2567284E00EBDDDF /* Main.storyboard */ = {
			isa = PBXVariantGroup;
			children = (
				A15A3C1F2567284E00EBDDDF /* Base */,
			);
			name = Main.storyboard;
			sourceTree = "<group>";
		};
		A15A3C232567285200EBDDDF /* LaunchScreen.storyboard */ = {
			isa = PBXVariantGroup;
			children = (
				A15A3C242567285200EBDDDF /* Base */,
			);
			name = LaunchScreen.storyboard;
			sourceTree = "<group>";
		};
/* End PBXVariantGroup section */

/* Begin XCBuildConfiguration section */
		A15A3C272567285200EBDDDF /* Debug */ = {
			isa = XCBuildConfiguration;
			buildSettings = {
				ALWAYS_SEARCH_USER_PATHS = NO;
				CLANG_ANALYZER_NONNULL = YES;
				CLANG_ANALYZER_NUMBER_OBJECT_CONVERSION = YES_AGGRESSIVE;
				CLANG_CXX_LANGUAGE_STANDARD = "gnu++14";
				CLANG_CXX_LIBRARY = "libc++";
				CLANG_ENABLE_MODULES = YES;
				CLANG_ENABLE_OBJC_ARC = YES;
				CLANG_ENABLE_OBJC_WEAK = YES;
				CLANG_WARN_BLOCK_CAPTURE_AUTORELEASING = YES;
				CLANG_WARN_BOOL_CONVERSION = YES;
				CLANG_WARN_COMMA = YES;
				CLANG_WARN_CONSTANT_CONVERSION = YES;
				CLANG_WARN_DEPRECATED_OBJC_IMPLEMENTATIONS = YES;
				CLANG_WARN_DIRECT_OBJC_ISA_USAGE = YES_ERROR;
				CLANG_WARN_DOCUMENTATION_COMMENTS = YES;
				CLANG_WARN_EMPTY_BODY = YES;
				CLANG_WARN_ENUM_CONVERSION = YES;
				CLANG_WARN_INFINITE_RECURSION = YES;
				CLANG_WARN_INT_CONVERSION = YES;
				CLANG_WARN_NON_LITERAL_NULL_CONVERSION = YES;
				CLANG_WARN_OBJC_IMPLICIT_RETAIN_SELF = YES;
				CLANG_WARN_OBJC_LITERAL_CONVERSION = YES;
				CLANG_WARN_OBJC_ROOT_CLASS = YES_ERROR;
				CLANG_WARN_QUOTED_INCLUDE_IN_FRAMEWORK_HEADER = YES;
				CLANG_WARN_RANGE_LOOP_ANALYSIS = YES;
				CLANG_WARN_STRICT_PROTOTYPES = YES;
				CLANG_WARN_SUSPICIOUS_MOVE = YES;
				CLANG_WARN_UNGUARDED_AVAILABILITY = YES_AGGRESSIVE;
				CLANG_WARN_UNREACHABLE_CODE = YES;
				CLANG_WARN__DUPLICATE_METHOD_MATCH = YES;
				COPY_PHASE_STRIP = NO;
				DEBUG_INFORMATION_FORMAT = dwarf;
				ENABLE_STRICT_OBJC_MSGSEND = YES;
				ENABLE_TESTABILITY = YES;
				GCC_C_LANGUAGE_STANDARD = gnu11;
				GCC_DYNAMIC_NO_PIC = NO;
				GCC_NO_COMMON_BLOCKS = YES;
				GCC_OPTIMIZATION_LEVEL = 0;
				GCC_PREPROCESSOR_DEFINITIONS = (
					"DEBUG=1",
					"$(inherited)",
				);
				GCC_WARN_64_TO_32_BIT_CONVERSION = YES;
				GCC_WARN_ABOUT_RETURN_TYPE = YES_ERROR;
				GCC_WARN_UNDECLARED_SELECTOR = YES;
				GCC_WARN_UNINITIALIZED_AUTOS = YES_AGGRESSIVE;
				GCC_WARN_UNUSED_FUNCTION = YES;
				GCC_WARN_UNUSED_VARIABLE = YES;
				IPHONEOS_DEPLOYMENT_TARGET = 14.2;
				MTL_ENABLE_DEBUG_INFO = INCLUDE_SOURCE;
				MTL_FAST_MATH = YES;
				ONLY_ACTIVE_ARCH = YES;
				SDKROOT = iphoneos;
				SWIFT_ACTIVE_COMPILATION_CONDITIONS = DEBUG;
				SWIFT_OPTIMIZATION_LEVEL = "-Onone";
			};
			name = Debug;
		};
		A15A3C282567285200EBDDDF /* Release */ = {
			isa = XCBuildConfiguration;
			buildSettings = {
				ALWAYS_SEARCH_USER_PATHS = NO;
				CLANG_ANALYZER_NONNULL = YES;
				CLANG_ANALYZER_NUMBER_OBJECT_CONVERSION = YES_AGGRESSIVE;
				CLANG_CXX_LANGUAGE_STANDARD = "gnu++14";
				CLANG_CXX_LIBRARY = "libc++";
				CLANG_ENABLE_MODULES = YES;
				CLANG_ENABLE_OBJC_ARC = YES;
				CLANG_ENABLE_OBJC_WEAK = YES;
				CLANG_WARN_BLOCK_CAPTURE_AUTORELEASING = YES;
				CLANG_WARN_BOOL_CONVERSION = YES;
				CLANG_WARN_COMMA = YES;
				CLANG_WARN_CONSTANT_CONVERSION = YES;
				CLANG_WARN_DEPRECATED_OBJC_IMPLEMENTATIONS = YES;
				CLANG_WARN_DIRECT_OBJC_ISA_USAGE = YES_ERROR;
				CLANG_WARN_DOCUMENTATION_COMMENTS = YES;
				CLANG_WARN_EMPTY_BODY = YES;
				CLANG_WARN_ENUM_CONVERSION = YES;
				CLANG_WARN_INFINITE_RECURSION = YES;
				CLANG_WARN_INT_CONVERSION = YES;
				CLANG_WARN_NON_LITERAL_NULL_CONVERSION = YES;
				CLANG_WARN_OBJC_IMPLICIT_RETAIN_SELF = YES;
				CLANG_WARN_OBJC_LITERAL_CONVERSION = YES;
				CLANG_WARN_OBJC_ROOT_CLASS = YES_ERROR;
				CLANG_WARN_QUOTED_INCLUDE_IN_FRAMEWORK_HEADER = YES;
				CLANG_WARN_RANGE_LOOP_ANALYSIS = YES;
				CLANG_WARN_STRICT_PROTOTYPES = YES;
				CLANG_WARN_SUSPICIOUS_MOVE = YES;
				CLANG_WARN_UNGUARDED_AVAILABILITY = YES_AGGRESSIVE;
				CLANG_WARN_UNREACHABLE_CODE = YES;
				CLANG_WARN__DUPLICATE_METHOD_MATCH = YES;
				COPY_PHASE_STRIP = NO;
				DEBUG_INFORMATION_FORMAT = "dwarf-with-dsym";
				ENABLE_NS_ASSERTIONS = NO;
				ENABLE_STRICT_OBJC_MSGSEND = YES;
				GCC_C_LANGUAGE_STANDARD = gnu11;
				GCC_NO_COMMON_BLOCKS = YES;
				GCC_WARN_64_TO_32_BIT_CONVERSION = YES;
				GCC_WARN_ABOUT_RETURN_TYPE = YES_ERROR;
				GCC_WARN_UNDECLARED_SELECTOR = YES;
				GCC_WARN_UNINITIALIZED_AUTOS = YES_AGGRESSIVE;
				GCC_WARN_UNUSED_FUNCTION = YES;
				GCC_WARN_UNUSED_VARIABLE = YES;
				IPHONEOS_DEPLOYMENT_TARGET = 14.2;
				MTL_ENABLE_DEBUG_INFO = NO;
				MTL_FAST_MATH = YES;
				SDKROOT = iphoneos;
				SWIFT_COMPILATION_MODE = wholemodule;
				SWIFT_OPTIMIZATION_LEVEL = "-O";
				VALIDATE_PRODUCT = YES;
			};
			name = Release;
		};
		A15A3C2A2567285200EBDDDF /* Debug */ = {
			isa = XCBuildConfiguration;
			buildSettings = {
				ASSETCATALOG_COMPILER_APPICON_NAME = AppIcon;
				ASSETCATALOG_COMPILER_GLOBAL_ACCENT_COLOR_NAME = AccentColor;
				CODE_SIGN_STYLE = Automatic;
				INFOPLIST_FILE = Swift6Button/Info.plist;
				LD_RUNPATH_SEARCH_PATHS = (
					"$(inherited)",
					"@executable_path/Frameworks",
				);
				PRODUCT_BUNDLE_IDENTIFIER = com.takikawa.Swift6Button;
				PRODUCT_NAME = "$(TARGET_NAME)";
				SWIFT_VERSION = 5.0;
				TARGETED_DEVICE_FAMILY = 1;
			};
			name = Debug;
		};
		A15A3C2B2567285200EBDDDF /* Release */ = {
			isa = XCBuildConfiguration;
			buildSettings = {
				ASSETCATALOG_COMPILER_APPICON_NAME = AppIcon;
				ASSETCATALOG_COMPILER_GLOBAL_ACCENT_COLOR_NAME = AccentColor;
				CODE_SIGN_STYLE = Automatic;
				INFOPLIST_FILE = Swift6Button/Info.plist;
				LD_RUNPATH_SEARCH_PATHS = (
					"$(inherited)",
					"@executable_path/Frameworks",
				);
				PRODUCT_BUNDLE_IDENTIFIER = com.takikawa.Swift6Button;
				PRODUCT_NAME = "$(TARGET_NAME)";
				SWIFT_VERSION = 5.0;
				TARGETED_DEVICE_FAMILY = 1;
			};
			name = Release;
		};
/* End XCBuildConfiguration section */

/* Begin XCConfigurationList section */
		A15A3C102567284E00EBDDDF /* Build configuration list for PBXProject "Swift6Button" */ = {
			isa = XCConfigurationList;
			buildConfigurations = (
				A15A3C272567285200EBDDDF /* Debug */,
				A15A3C282567285200EBDDDF /* Release */,
			);
			defaultConfigurationIsVisible = 0;
			defaultConfigurationName = Release;
		};
		A15A3C292567285200EBDDDF /* Build configuration list for PBXNativeTarget "Swift6Button" */ = {
			isa = XCConfigurationList;
			buildConfigurations = (
				A15A3C2A2567285200EBDDDF /* Debug */,
				A15A3C2B2567285200EBDDDF /* Release */,
			);
			defaultConfigurationIsVisible = 0;
			defaultConfigurationName = Release;
		};
/* End XCConfigurationList section */
	};
	rootObject = A15A3C0D2567284E00EBDDDF /* Project object */;
}
